
Microsoft Visual Studio Solution File, Format Version 12.00
# Visual Studio Version 17
VisualStudioVersion = 17.0.31903.59
MinimumVisualStudioVersion = 10.0.40219.1
Project("{9A19103F-16F7-4668-BE54-9A1E7A4F7556}") = "OdontoPrevAPI", "OdontoPrevAPI.csproj", "{76C57E44-572F-47B1-8404-3C0B81DF0E84}"
EndProject
Project("{9A19103F-16F7-4668-BE54-9A1E7A4F7556}") = "OdontoPrevAPI.Tests", "..\OdontoPrevAPI.Tests\OdontoPrevAPI.Tests.csproj", "{769B6114-5C4A-4F56-9AD6-DE4075BFFA90}"
EndProject
Project("{FAE04EC0-301F-11D3-BF4B-00C04F79EFBC}") = "OdontoPrevMLTrainer", "..\OdontoPrevMLTrainer\OdontoPrevMLTrainer.csproj", "{91D6BB46-C7A2-45C2-B495-5E642323CBEB}"
EndProject
Global
	GlobalSection(SolutionConfigurationPlatforms) = preSolution
		Debug|Any CPU = Debug|Any CPU
		Release|Any CPU = Release|Any CPU
	EndGlobalSection
	GlobalSection(ProjectConfigurationPlatforms) = postSolution
		{76C57E44-572F-47B1-8404-3C0B81DF0E84}.Debug|Any CPU.ActiveCfg = Debug|Any CPU
		{76C57E44-572F-47B1-8404-3C0B81DF0E84}.Debug|Any CPU.Build.0 = Debug|Any CPU
		{76C57E44-572F-47B1-8404-3C0B81DF0E84}.Release|Any CPU.ActiveCfg = Release|Any CPU
		{76C57E44-572F-47B1-8404-3C0B81DF0E84}.Release|Any CPU.Build.0 = Release|Any CPU
		{769B6114-5C4A-4F56-9AD6-DE4075BFFA90}.Debug|Any CPU.ActiveCfg = Debug|Any CPU
		{769B6114-5C4A-4F56-9AD6-DE4075BFFA90}.Debug|Any CPU.Build.0 = Debug|Any CPU
		{769B6114-5C4A-4F56-9AD6-DE4075BFFA90}.Release|Any CPU.ActiveCfg = Release|Any CPU
		{769B6114-5C4A-4F56-9AD6-DE4075BFFA90}.Release|Any CPU.Build.0 = Release|Any CPU
		{91D6BB46-C7A2-45C2-B495-5E642323CBEB}.Debug|Any CPU.ActiveCfg = Debug|Any CPU
		{91D6BB46-C7A2-45C2-B495-5E642323CBEB}.Debug|Any CPU.Build.0 = Debug|Any CPU
		{91D6BB46-C7A2-45C2-B495-5E642323CBEB}.Release|Any CPU.ActiveCfg = Release|Any CPU
		{91D6BB46-C7A2-45C2-B495-5E642323CBEB}.Release|Any CPU.Build.0 = Release|Any CPU
	EndGlobalSection
	GlobalSection(SolutionProperties) = preSolution
		HideSolutionNode = FALSE
	EndGlobalSection
	GlobalSection(ExtensibilityGlobals) = postSolution
		SolutionGuid = {81EADF36-E835-4ED6-9ADC-5538FDEDD003}
	EndGlobalSection
EndGlobal
